
Microsoft Visual Studio Solution File, Format Version 12.00
# Visual Studio Version 16
VisualStudioVersion = 16.0.31729.503
MinimumVisualStudioVersion = 10.0.40219.1
Project("{FAE04EC0-301F-11D3-BF4B-00C04F79EFBC}") = "MyWebService2", "MyWebService2.csproj", "{5A170460-0252-4AC8-9F82-BE5913614941}"
EndProject
Project("{FAE04EC0-301F-11D3-BF4B-00C04F79EFBC}") = "MyWebClient", "..\MyWebClient\MyWebClient.csproj", "{5B0EABBD-51EC-4058-A84E-A0292B36C764}"
EndProject
Global
	GlobalSection(SolutionConfigurationPlatforms) = preSolution
		Debug|Any CPU = Debug|Any CPU
		Release|Any CPU = Release|Any CPU
	EndGlobalSection
	GlobalSection(ProjectConfigurationPlatforms) = postSolution
		{5A170460-0252-4AC8-9F82-BE5913614941}.Debug|Any CPU.ActiveCfg = Debug|Any CPU
		{5A170460-0252-4AC8-9F82-BE5913614941}.Debug|Any CPU.Build.0 = Debug|Any CPU
		{5A170460-0252-4AC8-9F82-BE5913614941}.Release|Any CPU.ActiveCfg = Release|Any CPU
		{5A170460-0252-4AC8-9F82-BE5913614941}.Release|Any CPU.Build.0 = Release|Any CPU
		{5B0EABBD-51EC-4058-A84E-A0292B36C764}.Debug|Any CPU.ActiveCfg = Debug|Any CPU
		{5B0EABBD-51EC-4058-A84E-A0292B36C764}.Debug|Any CPU.Build.0 = Debug|Any CPU
		{5B0EABBD-51EC-4058-A84E-A0292B36C764}.Release|Any CPU.ActiveCfg = Release|Any CPU
		{5B0EABBD-51EC-4058-A84E-A0292B36C764}.Release|Any CPU.Build.0 = Release|Any CPU
	EndGlobalSection
	GlobalSection(SolutionProperties) = preSolution
		HideSolutionNode = FALSE
	EndGlobalSection
	GlobalSection(ExtensibilityGlobals) = postSolution
		SolutionGuid = {621B0E6D-E441-42F8-8661-25A6E0267C71}
	EndGlobalSection
EndGlobal
